// !$*UTF8*$!
{
	archiveVersion = 1;
	classes = {
	};
	objectVersion = 77;
	objects = {

/* Begin PBXBuildFile section */
		12DA0CBD2E87C44A00B86F57 /* Shared in Frameworks */ = {isa = PBXBuildFile; productRef = 12DA0CBC2E87C44A00B86F57 /* Shared */; };
/* End PBXBuildFile section */

/* Begin PBXContainerItemProxy section */
		128408E42E7F1AC00021B3BC /* PBXContainerItemProxy */ = {
			isa = PBXContainerItemProxy;
			containerPortal = 128408CE2E7F1ABF0021B3BC /* Project object */;
			proxyType = 1;
			remoteGlobalIDString = 128408D52E7F1ABF0021B3BC;
			remoteInfo = CineFlow;
		};
		128408EE2E7F1AC00021B3BC /* PBXContainerItemProxy */ = {
			isa = PBXContainerItemProxy;
			containerPortal = 128408CE2E7F1ABF0021B3BC /* Project object */;
			proxyType = 1;
			remoteGlobalIDString = 128408D52E7F1ABF0021B3BC;
			remoteInfo = CineFlow;
		};
/* End PBXContainerItemProxy section */

/* Begin PBXFileReference section */
		128408D62E7F1ABF0021B3BC /* CineFlow.app */ = {isa = PBXFileReference; explicitFileType = wrapper.application; includeInIndex = 0; path = CineFlow.app; sourceTree = BUILT_PRODUCTS_DIR; };
		128408E32E7F1AC00021B3BC /* CineFlowTests.xctest */ = {isa = PBXFileReference; explicitFileType = wrapper.cfbundle; includeInIndex = 0; path = CineFlowTests.xctest; sourceTree = BUILT_PRODUCTS_DIR; };
		128408ED2E7F1AC00021B3BC /* CineFlowUITests.xctest */ = {isa = PBXFileReference; explicitFileType = wrapper.cfbundle; includeInIndex = 0; path = CineFlowUITests.xctest; sourceTree = BUILT_PRODUCTS_DIR; };
		12DA0CBA2E87C43500B86F57 /* SharedApp */ = {isa = PBXFileReference; lastKnownFileType = wrapper; path = SharedApp; sourceTree = "<group>"; };
/* End PBXFileReference section */

/* Begin PBXFileSystemSynchronizedRootGroup section */
		128408D82E7F1ABF0021B3BC /* CineFlow */ = {
			isa = PBXFileSystemSynchronizedRootGroup;
			path = CineFlow;
			sourceTree = "<group>";
		};
		128408E62E7F1AC00021B3BC /* CineFlowTests */ = {
			isa = PBXFileSystemSynchronizedRootGroup;
			path = CineFlowTests;
			sourceTree = "<group>";
		};
		128408F02E7F1AC00021B3BC /* CineFlowUITests */ = {
			isa = PBXFileSystemSynchronizedRootGroup;
			path = CineFlowUITests;
			sourceTree = "<group>";
		};
/* End PBXFileSystemSynchronizedRootGroup section */

/* Begin PBXFrameworksBuildPhase section */
		128408D32E7F1ABF0021B3BC /* Frameworks */ = {
			isa = PBXFrameworksBuildPhase;
			buildActionMask = 2147483647;
			files = (
				12DA0CBD2E87C44A00B86F57 /* Shared in Frameworks */,
			);
			runOnlyForDeploymentPostprocessing = 0;
		};
		128408E02E7F1AC00021B3BC /* Frameworks */ = {
			isa = PBXFrameworksBuildPhase;
			buildActionMask = 2147483647;
			files = (
			);
			runOnlyForDeploymentPostprocessing = 0;
		};
		128408EA2E7F1AC00021B3BC /* Frameworks */ = {
			isa = PBXFrameworksBuildPhase;
			buildActionMask = 2147483647;
			files = (
			);
			runOnlyForDeploymentPostprocessing = 0;
		};
/* End PBXFrameworksBuildPhase section */

/* Begin PBXGroup section */
		128408CD2E7F1ABF0021B3BC = {
			isa = PBXGroup;
			children = (
				128408D82E7F1ABF0021B3BC /* CineFlow */,
				128408E62E7F1AC00021B3BC /* CineFlowTests */,
				128408F02E7F1AC00021B3BC /* CineFlowUITests */,
				128408D72E7F1ABF0021B3BC /* Products */,
				12DA0CBA2E87C43500B86F57 /* SharedApp */,
				12DA0CBB2E87C44A00B86F57 /* Frameworks */,
			);
			sourceTree = "<group>";
		};
		128408D72E7F1ABF0021B3BC /* Products */ = {
			isa = PBXGroup;
			children = (
				128408D62E7F1ABF0021B3BC /* CineFlow.app */,
				128408E32E7F1AC00021B3BC /* CineFlowTests.xctest */,
				128408ED2E7F1AC00021B3BC /* CineFlowUITests.xctest */,
			);
			name = Products;
			sourceTree = "<group>";
		};
		12DA0CBB2E87C44A00B86F57 /* Frameworks */ = {
			isa = PBXGroup;
			children = (
			);
			name = Frameworks;
			sourceTree = "<group>";
		};
/* End PBXGroup section */

/* Begin PBXNativeTarget section */
		128408D52E7F1ABF0021B3BC /* CineFlow */ = {
			isa = PBXNativeTarget;
			buildConfigurationList = 128408F72E7F1AC00021B3BC /* Build configuration list for PBXNativeTarget "CineFlow" */;
			buildPhases = (
				128408D22E7F1ABF0021B3BC /* Sources */,
				128408D32E7F1ABF0021B3BC /* Frameworks */,
				128408D42E7F1ABF0021B3BC /* Resources */,
			);
			buildRules = (
			);
			dependencies = (
			);
			fileSystemSynchronizedGroups = (
				128408D82E7F1ABF0021B3BC /* CineFlow */,
			);
			name = CineFlow;
			packageProductDependencies = (
				12DA0CBC2E87C44A00B86F57 /* Shared */,
			);
			productName = CineFlow;
			productReference = 128408D62E7F1ABF0021B3BC /* CineFlow.app */;
			productType = "com.apple.product-type.application";
		};
		128408E22E7F1AC00021B3BC /* CineFlowTests */ = {
			isa = PBXNativeTarget;
			buildConfigurationList = 128408FA2E7F1AC00021B3BC /* Build configuration list for PBXNativeTarget "CineFlowTests" */;
			buildPhases = (
				128408DF2E7F1AC00021B3BC /* Sources */,
				128408E02E7F1AC00021B3BC /* Frameworks */,
				128408E12E7F1AC00021B3BC /* Resources */,
			);
			buildRules = (
			);
			dependencies = (
				128408E52E7F1AC00021B3BC /* PBXTargetDependency */,
			);
			fileSystemSynchronizedGroups = (
				128408E62E7F1AC00021B3BC /* CineFlowTests */,
			);
			name = CineFlowTests;
			packageProductDependencies = (
			);
			productName = CineFlowTests;
			productReference = 128408E32E7F1AC00021B3BC /* CineFlowTests.xctest */;
			productType = "com.apple.product-type.bundle.unit-test";
		};
		128408EC2E7F1AC00021B3BC /* CineFlowUITests */ = {
			isa = PBXNativeTarget;
			buildConfigurationList = 128408FD2E7F1AC00021B3BC /* Build configuration list for PBXNativeTarget "CineFlowUITests" */;
			buildPhases = (
				128408E92E7F1AC00021B3BC /* Sources */,
				128408EA2E7F1AC00021B3BC /* Frameworks */,
				128408EB2E7F1AC00021B3BC /* Resources */,
			);
			buildRules = (
			);
			dependencies = (
				128408EF2E7F1AC00021B3BC /* PBXTargetDependency */,
			);
			fileSystemSynchronizedGroups = (
				128408F02E7F1AC00021B3BC /* CineFlowUITests */,
			);
			name = CineFlowUITests;
			packageProductDependencies = (
			);
			productName = CineFlowUITests;
			productReference = 128408ED2E7F1AC00021B3BC /* CineFlowUITests.xctest */;
			productType = "com.apple.product-type.bundle.ui-testing";
		};
/* End PBXNativeTarget section */

/* Begin PBXProject section */
		128408CE2E7F1ABF0021B3BC /* Project object */ = {
			isa = PBXProject;
			attributes = {
				BuildIndependentTargetsInParallel = 1;
				LastSwiftUpdateCheck = 2600;
				LastUpgradeCheck = 2600;
				TargetAttributes = {
					128408D52E7F1ABF0021B3BC = {
						CreatedOnToolsVersion = 26.0;
					};
					128408E22E7F1AC00021B3BC = {
						CreatedOnToolsVersion = 26.0;
						TestTargetID = 128408D52E7F1ABF0021B3BC;
					};
					128408EC2E7F1AC00021B3BC = {
						CreatedOnToolsVersion = 26.0;
						TestTargetID = 128408D52E7F1ABF0021B3BC;
					};
				};
			};
			buildConfigurationList = 128408D12E7F1ABF0021B3BC /* Build configuration list for PBXProject "CineFlow" */;
			developmentRegion = en;
			hasScannedForEncodings = 0;
			knownRegions = (
				en,
				Base,
			);
			mainGroup = 128408CD2E7F1ABF0021B3BC;
			minimizedProjectReferenceProxies = 1;
			preferredProjectObjectVersion = 77;
			productRefGroup = 128408D72E7F1ABF0021B3BC /* Products */;
			projectDirPath = "";
			projectRoot = "";
			targets = (
				128408D52E7F1ABF0021B3BC /* CineFlow */,
				128408E22E7F1AC00021B3BC /* CineFlowTests */,
				128408EC2E7F1AC00021B3BC /* CineFlowUITests */,
			);
		};
/* End PBXProject section */

/* Begin PBXResourcesBuildPhase section */
		128408D42E7F1ABF0021B3BC /* Resources */ = {
			isa = PBXResourcesBuildPhase;
			buildActionMask = 2147483647;
			files = (
			);
			runOnlyForDeploymentPostprocessing = 0;
		};
		128408E12E7F1AC00021B3BC /* Resources */ = {
			isa = PBXResourcesBuildPhase;
			buildActionMask = 2147483647;
			files = (
			);
			runOnlyForDeploymentPostprocessing = 0;
		};
		128408EB2E7F1AC00021B3BC /* Resources */ = {
			isa = PBXResourcesBuildPhase;
			buildActionMask = 2147483647;
			files = (
			);
			runOnlyForDeploymentPostprocessing = 0;
		};
/* End PBXResourcesBuildPhase section */

/* Begin PBXSourcesBuildPhase section */
		128408D22E7F1ABF0021B3BC /* Sources */ = {
			isa = PBXSourcesBuildPhase;
			buildActionMask = 2147483647;
			files = (
			);
			runOnlyForDeploymentPostprocessing = 0;
		};
		128408DF2E7F1AC00021B3BC /* Sources */ = {
			isa = PBXSourcesBuildPhase;
			buildActionMask = 2147483647;
			files = (
			);
			runOnlyForDeploymentPostprocessing = 0;
		};
		128408E92E7F1AC00021B3BC /* Sources */ = {
			isa = PBXSourcesBuildPhase;
			buildActionMask = 2147483647;
			files = (
			);
			runOnlyForDeploymentPostprocessing = 0;
		};
/* End PBXSourcesBuildPhase section */

/* Begin PBXTargetDependency section */
		128408E52E7F1AC00021B3BC /* PBXTargetDependency */ = {
			isa = PBXTargetDependency;
			target = 128408D52E7F1ABF0021B3BC /* CineFlow */;
			targetProxy = 128408E42E7F1AC00021B3BC /* PBXContainerItemProxy */;
		};
		128408EF2E7F1AC00021B3BC /* PBXTargetDependency */ = {
			isa = PBXTargetDependency;
			target = 128408D52E7F1ABF0021B3BC /* CineFlow */;
			targetProxy = 128408EE2E7F1AC00021B3BC /* PBXContainerItemProxy */;
		};
/* End PBXTargetDependency section */

/* Begin XCBuildConfiguration section */
		128408F52E7F1AC00021B3BC /* Debug */ = {
			isa = XCBuildConfiguration;
			buildSettings = {
				ALWAYS_SEARCH_USER_PATHS = NO;
				ASSETCATALOG_COMPILER_GENERATE_SWIFT_ASSET_SYMBOL_EXTENSIONS = YES;
				CLANG_ANALYZER_NONNULL = YES;
				CLANG_ANALYZER_NUMBER_OBJECT_CONVERSION = YES_AGGRESSIVE;
				CLANG_CXX_LANGUAGE_STANDARD = "gnu++20";
				CLANG_ENABLE_MODULES = YES;
				CLANG_ENABLE_OBJC_ARC = YES;
				CLANG_ENABLE_OBJC_WEAK = YES;
				CLANG_WARN_BLOCK_CAPTURE_AUTORELEASING = YES;
				CLANG_WARN_BOOL_CONVERSION = YES;
				CLANG_WARN_COMMA = YES;
				CLANG_WARN_CONSTANT_CONVERSION = YES;
				CLANG_WARN_DEPRECATED_OBJC_IMPLEMENTATIONS = YES;
				CLANG_WARN_DIRECT_OBJC_ISA_USAGE = YES_ERROR;
				CLANG_WARN_DOCUMENTATION_COMMENTS = YES;
				CLANG_WARN_EMPTY_BODY = YES;
				CLANG_WARN_ENUM_CONVERSION = YES;
				CLANG_WARN_INFINITE_RECURSION = YES;
				CLANG_WARN_INT_CONVERSION = YES;
				CLANG_WARN_NON_LITERAL_NULL_CONVERSION = YES;
				CLANG_WARN_OBJC_IMPLICIT_RETAIN_SELF = YES;
				CLANG_WARN_OBJC_LITERAL_CONVERSION = YES;
				CLANG_WARN_OBJC_ROOT_CLASS = YES_ERROR;
				CLANG_WARN_QUOTED_INCLUDE_IN_FRAMEWORK_HEADER = YES;
				CLANG_WARN_RANGE_LOOP_ANALYSIS = YES;
				CLANG_WARN_STRICT_PROTOTYPES = YES;
				CLANG_WARN_SUSPICIOUS_MOVE = YES;
				CLANG_WARN_UNGUARDED_AVAILABILITY = YES_AGGRESSIVE;
				CLANG_WARN_UNREACHABLE_CODE = YES;
				CLANG_WARN__DUPLICATE_METHOD_MATCH = YES;
				COPY_PHASE_STRIP = NO;
				DEBUG_INFORMATION_FORMAT = dwarf;
				ENABLE_STRICT_OBJC_MSGSEND = YES;
				ENABLE_TESTABILITY = YES;
				ENABLE_USER_SCRIPT_SANDBOXING = YES;
				GCC_C_LANGUAGE_STANDARD = gnu17;
				GCC_DYNAMIC_NO_PIC = NO;
				GCC_NO_COMMON_BLOCKS = YES;
				GCC_OPTIMIZATION_LEVEL = 0;
				GCC_PREPROCESSOR_DEFINITIONS = (
					"DEBUG=1",
					"$(inherited)",
				);
				GCC_WARN_64_TO_32_BIT_CONVERSION = YES;
				GCC_WARN_ABOUT_RETURN_TYPE = YES_ERROR;
				GCC_WARN_UNDECLARED_SELECTOR = YES;
				GCC_WARN_UNINITIALIZED_AUTOS = YES_AGGRESSIVE;
				GCC_WARN_UNUSED_FUNCTION = YES;
				GCC_WARN_UNUSED_VARIABLE = YES;
				LOCALIZATION_PREFERS_STRING_CATALOGS = YES;
				MACOSX_DEPLOYMENT_TARGET = 26.0;
				MTL_ENABLE_DEBUG_INFO = INCLUDE_SOURCE;
				MTL_FAST_MATH = YES;
				ONLY_ACTIVE_ARCH = YES;
				SDKROOT = macosx;
				SWIFT_ACTIVE_COMPILATION_CONDITIONS = "DEBUG $(inherited)";
				SWIFT_OPTIMIZATION_LEVEL = "-Onone";
			};
			name = Debug;
		};
		128408F62E7F1AC00021B3BC /* Release */ = {
			isa = XCBuildConfiguration;
			buildSettings = {
				ALWAYS_SEARCH_USER_PATHS = NO;
				ASSETCATALOG_COMPILER_GENERATE_SWIFT_ASSET_SYMBOL_EXTENSIONS = YES;
				CLANG_ANALYZER_NONNULL = YES;
				CLANG_ANALYZER_NUMBER_OBJECT_CONVERSION = YES_AGGRESSIVE;
				CLANG_CXX_LANGUAGE_STANDARD = "gnu++20";
				CLANG_ENABLE_MODULES = YES;
				CLANG_ENABLE_OBJC_ARC = YES;
				CLANG_ENABLE_OBJC_WEAK = YES;
				CLANG_WARN_BLOCK_CAPTURE_AUTORELEASING = YES;
				CLANG_WARN_BOOL_CONVERSION = YES;
				CLANG_WARN_COMMA = YES;
				CLANG_WARN_CONSTANT_CONVERSION = YES;
				CLANG_WARN_DEPRECATED_OBJC_IMPLEMENTATIONS = YES;
				CLANG_WARN_DIRECT_OBJC_ISA_USAGE = YES_ERROR;
				CLANG_WARN_DOCUMENTATION_COMMENTS = YES;
				CLANG_WARN_EMPTY_BODY = YES;
				CLANG_WARN_ENUM_CONVERSION = YES;
				CLANG_WARN_INFINITE_RECURSION = YES;
				CLANG_WARN_INT_CONVERSION = YES;
				CLANG_WARN_NON_LITERAL_NULL_CONVERSION = YES;
				CLANG_WARN_OBJC_IMPLICIT_RETAIN_SELF = YES;
				CLANG_WARN_OBJC_LITERAL_CONVERSION = YES;
				CLANG_WARN_OBJC_ROOT_CLASS = YES_ERROR;
				CLANG_WARN_QUOTED_INCLUDE_IN_FRAMEWORK_HEADER = YES;
				CLANG_WARN_RANGE_LOOP_ANALYSIS = YES;
				CLANG_WARN_STRICT_PROTOTYPES = YES;
				CLANG_WARN_SUSPICIOUS_MOVE = YES;
				CLANG_WARN_UNGUARDED_AVAILABILITY = YES_AGGRESSIVE;
				CLANG_WARN_UNREACHABLE_CODE = YES;
				CLANG_WARN__DUPLICATE_METHOD_MATCH = YES;
				COPY_PHASE_STRIP = NO;
				DEBUG_INFORMATION_FORMAT = "dwarf-with-dsym";
				ENABLE_NS_ASSERTIONS = NO;
				ENABLE_STRICT_OBJC_MSGSEND = YES;
				ENABLE_USER_SCRIPT_SANDBOXING = YES;
				GCC_C_LANGUAGE_STANDARD = gnu17;
				GCC_NO_COMMON_BLOCKS = YES;
				GCC_WARN_64_TO_32_BIT_CONVERSION = YES;
				GCC_WARN_ABOUT_RETURN_TYPE = YES_ERROR;
				GCC_WARN_UNDECLARED_SELECTOR = YES;
				GCC_WARN_UNINITIALIZED_AUTOS = YES_AGGRESSIVE;
				GCC_WARN_UNUSED_FUNCTION = YES;
				GCC_WARN_UNUSED_VARIABLE = YES;
				LOCALIZATION_PREFERS_STRING_CATALOGS = YES;
				MACOSX_DEPLOYMENT_TARGET = 26.0;
				MTL_ENABLE_DEBUG_INFO = NO;
				MTL_FAST_MATH = YES;
				SDKROOT = macosx;
				SWIFT_COMPILATION_MODE = wholemodule;
			};
			name = Release;
		};
		128408F82E7F1AC00021B3BC /* Debug */ = {
			isa = XCBuildConfiguration;
			buildSettings = {
				ASSETCATALOG_COMPILER_APPICON_NAME = AppIcon;
				ASSETCATALOG_COMPILER_GLOBAL_ACCENT_COLOR_NAME = AccentColor;
				CODE_SIGN_STYLE = Automatic;
				COMBINE_HIDPI_IMAGES = YES;
				CURRENT_PROJECT_VERSION = 1;
				ENABLE_APP_SANDBOX = YES;
				ENABLE_INCOMING_NETWORK_CONNECTIONS = YES;
				ENABLE_OUTGOING_NETWORK_CONNECTIONS = YES;
				ENABLE_PREVIEWS = YES;
				ENABLE_RESOURCE_ACCESS_AUDIO_INPUT = NO;
				ENABLE_RESOURCE_ACCESS_BLUETOOTH = NO;
				ENABLE_RESOURCE_ACCESS_CALENDARS = NO;
				ENABLE_RESOURCE_ACCESS_CAMERA = NO;
				ENABLE_RESOURCE_ACCESS_CONTACTS = NO;
				ENABLE_RESOURCE_ACCESS_LOCATION = NO;
				ENABLE_RESOURCE_ACCESS_PRINTING = NO;
				ENABLE_RESOURCE_ACCESS_USB = NO;
				ENABLE_USER_SELECTED_FILES = readonly;
				GENERATE_INFOPLIST_FILE = YES;
				INFOPLIST_KEY_NSHumanReadableCopyright = "";
				LD_RUNPATH_SEARCH_PATHS = (
					"$(inherited)",
					"@executable_path/../Frameworks",
				);
				MARKETING_VERSION = 1.0;
				PRODUCT_BUNDLE_IDENTIFIER = com.sanlorng.CineFlow;
				PRODUCT_NAME = "$(TARGET_NAME)";
				REGISTER_APP_GROUPS = YES;
				STRING_CATALOG_GENERATE_SYMBOLS = YES;
				SUPPORTED_PLATFORMS = "iphoneos iphonesimulator macosx xros xrsimulator";
				SUPPORTS_MACCATALYST = NO;
				SWIFT_APPROACHABLE_CONCURRENCY = YES;
				SWIFT_DEFAULT_ACTOR_ISOLATION = MainActor;
				SWIFT_EMIT_LOC_STRINGS = YES;
				SWIFT_UPCOMING_FEATURE_MEMBER_IMPORT_VISIBILITY = YES;
				SWIFT_VERSION = 5.0;
				TARGETED_DEVICE_FAMILY = "1,7";
			};
			name = Debug;
		};
		128408F92E7F1AC00021B3BC /* Release */ = {
			isa = XCBuildConfiguration;
			buildSettings = {
				ASSETCATALOG_COMPILER_APPICON_NAME = AppIcon;
				ASSETCATALOG_COMPILER_GLOBAL_ACCENT_COLOR_NAME = AccentColor;
				CODE_SIGN_STYLE = Automatic;
				COMBINE_HIDPI_IMAGES = YES;
				CURRENT_PROJECT_VERSION = 1;
				ENABLE_APP_SANDBOX = YES;
				ENABLE_INCOMING_NETWORK_CONNECTIONS = YES;
				ENABLE_OUTGOING_NETWORK_CONNECTIONS = YES;
				ENABLE_PREVIEWS = YES;
				ENABLE_RESOURCE_ACCESS_AUDIO_INPUT = NO;
				ENABLE_RESOURCE_ACCESS_BLUETOOTH = NO;
				ENABLE_RESOURCE_ACCESS_CALENDARS = NO;
				ENABLE_RESOURCE_ACCESS_CAMERA = NO;
				ENABLE_RESOURCE_ACCESS_CONTACTS = NO;
				ENABLE_RESOURCE_ACCESS_LOCATION = NO;
				ENABLE_RESOURCE_ACCESS_PRINTING = NO;
				ENABLE_RESOURCE_ACCESS_USB = NO;
				ENABLE_USER_SELECTED_FILES = readonly;
				GENERATE_INFOPLIST_FILE = YES;
				INFOPLIST_KEY_NSHumanReadableCopyright = "";
				LD_RUNPATH_SEARCH_PATHS = (
					"$(inherited)",
					"@executable_path/../Frameworks",
				);
				MARKETING_VERSION = 1.0;
				PRODUCT_BUNDLE_IDENTIFIER = com.sanlorng.CineFlow;
				PRODUCT_NAME = "$(TARGET_NAME)";
				REGISTER_APP_GROUPS = YES;
				STRING_CATALOG_GENERATE_SYMBOLS = YES;
				SUPPORTED_PLATFORMS = "iphoneos iphonesimulator macosx xros xrsimulator";
				SUPPORTS_MACCATALYST = NO;
				SWIFT_APPROACHABLE_CONCURRENCY = YES;
				SWIFT_DEFAULT_ACTOR_ISOLATION = MainActor;
				SWIFT_EMIT_LOC_STRINGS = YES;
				SWIFT_UPCOMING_FEATURE_MEMBER_IMPORT_VISIBILITY = YES;
				SWIFT_VERSION = 5.0;
				TARGETED_DEVICE_FAMILY = "1,7";
			};
			name = Release;
		};
		128408FB2E7F1AC00021B3BC /* Debug */ = {
			isa = XCBuildConfiguration;
			buildSettings = {
				BUNDLE_LOADER = "$(TEST_HOST)";
				CODE_SIGN_STYLE = Automatic;
				CURRENT_PROJECT_VERSION = 1;
				GENERATE_INFOPLIST_FILE = YES;
				MACOSX_DEPLOYMENT_TARGET = 26.0;
				MARKETING_VERSION = 1.0;
				PRODUCT_BUNDLE_IDENTIFIER = com.sanlorng.CineFlowTests;
				PRODUCT_NAME = "$(TARGET_NAME)";
				STRING_CATALOG_GENERATE_SYMBOLS = NO;
				SWIFT_APPROACHABLE_CONCURRENCY = YES;
				SWIFT_EMIT_LOC_STRINGS = NO;
				SWIFT_UPCOMING_FEATURE_MEMBER_IMPORT_VISIBILITY = YES;
				SWIFT_VERSION = 5.0;
				TEST_HOST = "$(BUILT_PRODUCTS_DIR)/CineFlow.app/$(BUNDLE_EXECUTABLE_FOLDER_PATH)/CineFlow";
			};
			name = Debug;
		};
		128408FC2E7F1AC00021B3BC /* Release */ = {
			isa = XCBuildConfiguration;
			buildSettings = {
				BUNDLE_LOADER = "$(TEST_HOST)";
				CODE_SIGN_STYLE = Automatic;
				CURRENT_PROJECT_VERSION = 1;
				GENERATE_INFOPLIST_FILE = YES;
				MACOSX_DEPLOYMENT_TARGET = 26.0;
				MARKETING_VERSION = 1.0;
				PRODUCT_BUNDLE_IDENTIFIER = com.sanlorng.CineFlowTests;
				PRODUCT_NAME = "$(TARGET_NAME)";
				STRING_CATALOG_GENERATE_SYMBOLS = NO;
				SWIFT_APPROACHABLE_CONCURRENCY = YES;
				SWIFT_EMIT_LOC_STRINGS = NO;
				SWIFT_UPCOMING_FEATURE_MEMBER_IMPORT_VISIBILITY = YES;
				SWIFT_VERSION = 5.0;
				TEST_HOST = "$(BUILT_PRODUCTS_DIR)/CineFlow.app/$(BUNDLE_EXECUTABLE_FOLDER_PATH)/CineFlow";
			};
			name = Release;
		};
		128408FE2E7F1AC00021B3BC /* Debug */ = {
			isa = XCBuildConfiguration;
			buildSettings = {
				CODE_SIGN_STYLE = Automatic;
				CURRENT_PROJECT_VERSION = 1;
				GENERATE_INFOPLIST_FILE = YES;
				MARKETING_VERSION = 1.0;
				PRODUCT_BUNDLE_IDENTIFIER = com.sanlorng.CineFlowUITests;
				PRODUCT_NAME = "$(TARGET_NAME)";
				STRING_CATALOG_GENERATE_SYMBOLS = NO;
				SWIFT_APPROACHABLE_CONCURRENCY = YES;
				SWIFT_EMIT_LOC_STRINGS = NO;
				SWIFT_UPCOMING_FEATURE_MEMBER_IMPORT_VISIBILITY = YES;
				SWIFT_VERSION = 5.0;
				TEST_TARGET_NAME = CineFlow;
			};
			name = Debug;
		};
		128408FF2E7F1AC00021B3BC /* Release */ = {
			isa = XCBuildConfiguration;
			buildSettings = {
				CODE_SIGN_STYLE = Automatic;
				CURRENT_PROJECT_VERSION = 1;
				GENERATE_INFOPLIST_FILE = YES;
				MARKETING_VERSION = 1.0;
				PRODUCT_BUNDLE_IDENTIFIER = com.sanlorng.CineFlowUITests;
				PRODUCT_NAME = "$(TARGET_NAME)";
				STRING_CATALOG_GENERATE_SYMBOLS = NO;
				SWIFT_APPROACHABLE_CONCURRENCY = YES;
				SWIFT_EMIT_LOC_STRINGS = NO;
				SWIFT_UPCOMING_FEATURE_MEMBER_IMPORT_VISIBILITY = YES;
				SWIFT_VERSION = 5.0;
				TEST_TARGET_NAME = CineFlow;
			};
			name = Release;
		};
/* End XCBuildConfiguration section */

/* Begin XCConfigurationList section */
		128408D12E7F1ABF0021B3BC /* Build configuration list for PBXProject "CineFlow" */ = {
			isa = XCConfigurationList;
			buildConfigurations = (
				128408F52E7F1AC00021B3BC /* Debug */,
				128408F62E7F1AC00021B3BC /* Release */,
			);
			defaultConfigurationIsVisible = 0;
			defaultConfigurationName = Release;
		};
		128408F72E7F1AC00021B3BC /* Build configuration list for PBXNativeTarget "CineFlow" */ = {
			isa = XCConfigurationList;
			buildConfigurations = (
				128408F82E7F1AC00021B3BC /* Debug */,
				128408F92E7F1AC00021B3BC /* Release */,
			);
			defaultConfigurationIsVisible = 0;
			defaultConfigurationName = Release;
		};
		128408FA2E7F1AC00021B3BC /* Build configuration list for PBXNativeTarget "CineFlowTests" */ = {
			isa = XCConfigurationList;
			buildConfigurations = (
				128408FB2E7F1AC00021B3BC /* Debug */,
				128408FC2E7F1AC00021B3BC /* Release */,
			);
			defaultConfigurationIsVisible = 0;
			defaultConfigurationName = Release;
		};
		128408FD2E7F1AC00021B3BC /* Build configuration list for PBXNativeTarget "CineFlowUITests" */ = {
			isa = XCConfigurationList;
			buildConfigurations = (
				128408FE2E7F1AC00021B3BC /* Debug */,
				128408FF2E7F1AC00021B3BC /* Release */,
			);
			defaultConfigurationIsVisible = 0;
			defaultConfigurationName = Release;
		};
/* End XCConfigurationList section */

/* Begin XCSwiftPackageProductDependency section */
		12DA0CBC2E87C44A00B86F57 /* Shared */ = {
			isa = XCSwiftPackageProductDependency;
			productName = Shared;
		};
/* End XCSwiftPackageProductDependency section */
	};
	rootObject = 128408CE2E7F1ABF0021B3BC /* Project object */;
}
